{
	"name": "@buibis/package-c",
	"version": "1.0.0-alpha.1",
	"lockfileVersion": 1,
	"requires": true,
	"dependencies": {
		"@buibis/package-a": {
			"version": "1.0.6",
			"resolved": "https://registry.npmjs.org/@buibis/package-a/-/package-a-1.0.6.tgz",
			"integrity": "sha512-twEGUAU0OLEHHLWKrtRRA3oWdb93T0pY2GMm82v1sqLizbaMP/H3LTZd0mLha0+yS+pPYRbY5o/Uv2d9iacrlA==",
			"requires": {
				"lodash": "^4.17.21"
			}
		},
		"@buibis/package-b": {
			"version": "1.2.1-alpha.0",
			"resolved": "https://registry.npmjs.org/@buibis/package-b/-/package-b-1.2.1-alpha.0.tgz",
			"integrity": "sha512-3+6jC+1RVnhXMOL6ce989yI9HqkDRIGgU38tVDMZGO3eN271xaRknqonQ+Dz/LIRlFfx2ZY0QvKMCEQddpPxtg==",
			"requires": {
				"@buibis/package-a": "^1.0.3-alpha.0",
				"lodash": "^4.17.21"
			}
		},
		"lodash": {
			"version": "4.17.21",
			"resolved": "https://registry.npmjs.org/lodash/-/lodash-4.17.21.tgz",
			"integrity": "sha512-v2kDEe57lecTulaDIuNTPy3Ry4gLGJ6Z1O3vE1krgXZNrsQ+LFTGHVxVjcXPs17LhbZVGedAJv8XZ1tvj5FvSg=="
		}
	}
}
